
Microsoft Visual Studio Solution File, Format Version 12.00
# Visual Studio Version 16
VisualStudioVersion = 16.0.31105.61
MinimumVisualStudioVersion = 10.0.40219.1
Project("{9A19103F-16F7-4668-BE54-9A1E7A4F7556}") = "BlazorCalc.Server", "BlazorCalc.Server\BlazorCalc.Server.csproj", "{02A115B6-D6F9-4C29-884A-50BFBBBD921E}"
EndProject
Project("{9A19103F-16F7-4668-BE54-9A1E7A4F7556}") = "BlazorCalc.Client", "BlazorCalc.Client\BlazorCalc.Client.csproj", "{0A1BD279-5CE1-4A55-B63F-3812CB744799}"
EndProject
Project("{9A19103F-16F7-4668-BE54-9A1E7A4F7556}") = "BlazorCalc.Shared", "BlazorCalc.Shared\BlazorCalc.Shared.csproj", "{EFFDB494-9B4E-4531-9C08-801412B7C963}"
EndProject
Project("{9A19103F-16F7-4668-BE54-9A1E7A4F7556}") = "BlazorCalc.Business", "BlazorCalc.Business\BlazorCalc.Business.csproj", "{1214ACFF-0132-4DC0-BDE4-5D9759DCFE5D}"
EndProject
Project("{9A19103F-16F7-4668-BE54-9A1E7A4F7556}") = "BlazorCalc.Tests", "BlazorCalc.Tests\BlazorCalc.Tests.csproj", "{8BBFA937-71FB-4281-B050-1E713F632882}"
EndProject
Project("{9A19103F-16F7-4668-BE54-9A1E7A4F7556}") = "BlazorCalc.Repository", "BlazorCalc.Repository\BlazorCalc.Repository.csproj", "{1089888E-F0B0-4048-A88D-0F10930F5D69}"
EndProject
Project("{FAE04EC0-301F-11D3-BF4B-00C04F79EFBC}") = "BlazorCalc.Logger", "BlazorCalc.Logger\BlazorCalc.Logger.csproj", "{A2329389-F676-4551-9E64-775B073D4A10}"
EndProject
Global
	GlobalSection(SolutionConfigurationPlatforms) = preSolution
		Debug|Any CPU = Debug|Any CPU
		Release|Any CPU = Release|Any CPU
	EndGlobalSection
	GlobalSection(ProjectConfigurationPlatforms) = postSolution
		{02A115B6-D6F9-4C29-884A-50BFBBBD921E}.Debug|Any CPU.ActiveCfg = Debug|Any CPU
		{02A115B6-D6F9-4C29-884A-50BFBBBD921E}.Debug|Any CPU.Build.0 = Debug|Any CPU
		{02A115B6-D6F9-4C29-884A-50BFBBBD921E}.Release|Any CPU.ActiveCfg = Release|Any CPU
		{02A115B6-D6F9-4C29-884A-50BFBBBD921E}.Release|Any CPU.Build.0 = Release|Any CPU
		{0A1BD279-5CE1-4A55-B63F-3812CB744799}.Debug|Any CPU.ActiveCfg = Debug|Any CPU
		{0A1BD279-5CE1-4A55-B63F-3812CB744799}.Debug|Any CPU.Build.0 = Debug|Any CPU
		{0A1BD279-5CE1-4A55-B63F-3812CB744799}.Release|Any CPU.ActiveCfg = Release|Any CPU
		{0A1BD279-5CE1-4A55-B63F-3812CB744799}.Release|Any CPU.Build.0 = Release|Any CPU
		{EFFDB494-9B4E-4531-9C08-801412B7C963}.Debug|Any CPU.ActiveCfg = Debug|Any CPU
		{EFFDB494-9B4E-4531-9C08-801412B7C963}.Debug|Any CPU.Build.0 = Debug|Any CPU
		{EFFDB494-9B4E-4531-9C08-801412B7C963}.Release|Any CPU.ActiveCfg = Release|Any CPU
		{EFFDB494-9B4E-4531-9C08-801412B7C963}.Release|Any CPU.Build.0 = Release|Any CPU
		{1214ACFF-0132-4DC0-BDE4-5D9759DCFE5D}.Debug|Any CPU.ActiveCfg = Debug|Any CPU
		{1214ACFF-0132-4DC0-BDE4-5D9759DCFE5D}.Debug|Any CPU.Build.0 = Debug|Any CPU
		{1214ACFF-0132-4DC0-BDE4-5D9759DCFE5D}.Release|Any CPU.ActiveCfg = Release|Any CPU
		{1214ACFF-0132-4DC0-BDE4-5D9759DCFE5D}.Release|Any CPU.Build.0 = Release|Any CPU
		{8BBFA937-71FB-4281-B050-1E713F632882}.Debug|Any CPU.ActiveCfg = Debug|Any CPU
		{8BBFA937-71FB-4281-B050-1E713F632882}.Debug|Any CPU.Build.0 = Debug|Any CPU
		{8BBFA937-71FB-4281-B050-1E713F632882}.Release|Any CPU.ActiveCfg = Release|Any CPU
		{8BBFA937-71FB-4281-B050-1E713F632882}.Release|Any CPU.Build.0 = Release|Any CPU
		{1089888E-F0B0-4048-A88D-0F10930F5D69}.Debug|Any CPU.ActiveCfg = Debug|Any CPU
		{1089888E-F0B0-4048-A88D-0F10930F5D69}.Debug|Any CPU.Build.0 = Debug|Any CPU
		{1089888E-F0B0-4048-A88D-0F10930F5D69}.Release|Any CPU.ActiveCfg = Release|Any CPU
		{1089888E-F0B0-4048-A88D-0F10930F5D69}.Release|Any CPU.Build.0 = Release|Any CPU
		{A2329389-F676-4551-9E64-775B073D4A10}.Debug|Any CPU.ActiveCfg = Debug|Any CPU
		{A2329389-F676-4551-9E64-775B073D4A10}.Debug|Any CPU.Build.0 = Debug|Any CPU
		{A2329389-F676-4551-9E64-775B073D4A10}.Release|Any CPU.ActiveCfg = Release|Any CPU
		{A2329389-F676-4551-9E64-775B073D4A10}.Release|Any CPU.Build.0 = Release|Any CPU
	EndGlobalSection
	GlobalSection(SolutionProperties) = preSolution
		HideSolutionNode = FALSE
	EndGlobalSection
	GlobalSection(ExtensibilityGlobals) = postSolution
		SolutionGuid = {23FC33AD-F706-43B2-9886-83D87644A2EF}
	EndGlobalSection
EndGlobal
